
Microsoft Visual Studio Solution File, Format Version 12.00
# Visual Studio Version 18
VisualStudioVersion = 18.0.11205.157 d18.0
MinimumVisualStudioVersion = 10.0.40219.1
Project("{FAE04EC0-301F-11D3-BF4B-00C04F79EFBC}") = "Api", "TODO\Api.csproj", "{A07294F3-280F-4159-9E85-5A256ADC3F1C}"
EndProject
Project("{FAE04EC0-301F-11D3-BF4B-00C04F79EFBC}") = "Client", "Client\Client.csproj", "{76524F94-1200-4D19-BFDD-4A4E7EBDA1D8}"
EndProject
Project("{FAE04EC0-301F-11D3-BF4B-00C04F79EFBC}") = "Common", "Common\Common.csproj", "{348716AD-AAFC-40A6-BA77-36DDBFE5E768}"
EndProject
Project("{FAE04EC0-301F-11D3-BF4B-00C04F79EFBC}") = "Data", "Data\Data.csproj", "{807AF148-7CC0-4709-ABB3-4B772762DAE1}"
EndProject
Project("{FAE04EC0-301F-11D3-BF4B-00C04F79EFBC}") = "Services", "Services\Services.csproj", "{E49B1AD8-7E85-4FAB-90BB-5341121F9918}"
EndProject
Project("{FAE04EC0-301F-11D3-BF4B-00C04F79EFBC}") = "Api.Tests", "Api.Tests\Api.Tests\Api.Tests.csproj", "{B99B4B86-C5DA-4AC6-BD6E-1EA4834A2FA6}"
EndProject
Project("{FAE04EC0-301F-11D3-BF4B-00C04F79EFBC}") = "Unit.Tests", "Unit.Tests\Unit.Tests.csproj", "{9DC46BC6-09E2-40CB-A46C-2265F491E8A3}"
EndProject
Project("{2150E333-8FDC-42A3-9474-1A3956D46DE8}") = "Tests", "Tests", "{E09A6511-1B2E-46B7-ABD6-E99F4ED73661}"
EndProject
Project("{FAE04EC0-301F-11D3-BF4B-00C04F79EFBC}") = "Integration.Tests", "Integration.Tests\Integration.Tests.csproj", "{401D0FC2-6F0C-4292-B17C-8E2B04815E72}"
EndProject
Global
	GlobalSection(SolutionConfigurationPlatforms) = preSolution
		Debug|Any CPU = Debug|Any CPU
		Release|Any CPU = Release|Any CPU
	EndGlobalSection
	GlobalSection(ProjectConfigurationPlatforms) = postSolution
		{A07294F3-280F-4159-9E85-5A256ADC3F1C}.Debug|Any CPU.ActiveCfg = Debug|Any CPU
		{A07294F3-280F-4159-9E85-5A256ADC3F1C}.Debug|Any CPU.Build.0 = Debug|Any CPU
		{A07294F3-280F-4159-9E85-5A256ADC3F1C}.Release|Any CPU.ActiveCfg = Release|Any CPU
		{A07294F3-280F-4159-9E85-5A256ADC3F1C}.Release|Any CPU.Build.0 = Release|Any CPU
		{76524F94-1200-4D19-BFDD-4A4E7EBDA1D8}.Debug|Any CPU.ActiveCfg = Debug|Any CPU
		{76524F94-1200-4D19-BFDD-4A4E7EBDA1D8}.Debug|Any CPU.Build.0 = Debug|Any CPU
		{76524F94-1200-4D19-BFDD-4A4E7EBDA1D8}.Debug|Any CPU.Deploy.0 = Debug|Any CPU
		{76524F94-1200-4D19-BFDD-4A4E7EBDA1D8}.Release|Any CPU.ActiveCfg = Release|Any CPU
		{76524F94-1200-4D19-BFDD-4A4E7EBDA1D8}.Release|Any CPU.Build.0 = Release|Any CPU
		{348716AD-AAFC-40A6-BA77-36DDBFE5E768}.Debug|Any CPU.ActiveCfg = Debug|Any CPU
		{348716AD-AAFC-40A6-BA77-36DDBFE5E768}.Debug|Any CPU.Build.0 = Debug|Any CPU
		{348716AD-AAFC-40A6-BA77-36DDBFE5E768}.Release|Any CPU.ActiveCfg = Release|Any CPU
		{348716AD-AAFC-40A6-BA77-36DDBFE5E768}.Release|Any CPU.Build.0 = Release|Any CPU
		{807AF148-7CC0-4709-ABB3-4B772762DAE1}.Debug|Any CPU.ActiveCfg = Debug|Any CPU
		{807AF148-7CC0-4709-ABB3-4B772762DAE1}.Debug|Any CPU.Build.0 = Debug|Any CPU
		{807AF148-7CC0-4709-ABB3-4B772762DAE1}.Release|Any CPU.ActiveCfg = Release|Any CPU
		{807AF148-7CC0-4709-ABB3-4B772762DAE1}.Release|Any CPU.Build.0 = Release|Any CPU
		{E49B1AD8-7E85-4FAB-90BB-5341121F9918}.Debug|Any CPU.ActiveCfg = Debug|Any CPU
		{E49B1AD8-7E85-4FAB-90BB-5341121F9918}.Debug|Any CPU.Build.0 = Debug|Any CPU
		{E49B1AD8-7E85-4FAB-90BB-5341121F9918}.Release|Any CPU.ActiveCfg = Release|Any CPU
		{E49B1AD8-7E85-4FAB-90BB-5341121F9918}.Release|Any CPU.Build.0 = Release|Any CPU
		{B99B4B86-C5DA-4AC6-BD6E-1EA4834A2FA6}.Debug|Any CPU.ActiveCfg = Debug|Any CPU
		{B99B4B86-C5DA-4AC6-BD6E-1EA4834A2FA6}.Debug|Any CPU.Build.0 = Debug|Any CPU
		{B99B4B86-C5DA-4AC6-BD6E-1EA4834A2FA6}.Release|Any CPU.ActiveCfg = Release|Any CPU
		{B99B4B86-C5DA-4AC6-BD6E-1EA4834A2FA6}.Release|Any CPU.Build.0 = Release|Any CPU
		{9DC46BC6-09E2-40CB-A46C-2265F491E8A3}.Debug|Any CPU.ActiveCfg = Debug|Any CPU
		{9DC46BC6-09E2-40CB-A46C-2265F491E8A3}.Debug|Any CPU.Build.0 = Debug|Any CPU
		{9DC46BC6-09E2-40CB-A46C-2265F491E8A3}.Release|Any CPU.ActiveCfg = Release|Any CPU
		{9DC46BC6-09E2-40CB-A46C-2265F491E8A3}.Release|Any CPU.Build.0 = Release|Any CPU
		{401D0FC2-6F0C-4292-B17C-8E2B04815E72}.Debug|Any CPU.ActiveCfg = Debug|Any CPU
		{401D0FC2-6F0C-4292-B17C-8E2B04815E72}.Debug|Any CPU.Build.0 = Debug|Any CPU
		{401D0FC2-6F0C-4292-B17C-8E2B04815E72}.Release|Any CPU.ActiveCfg = Release|Any CPU
		{401D0FC2-6F0C-4292-B17C-8E2B04815E72}.Release|Any CPU.Build.0 = Release|Any CPU
	EndGlobalSection
	GlobalSection(SolutionProperties) = preSolution
		HideSolutionNode = FALSE
	EndGlobalSection
	GlobalSection(NestedProjects) = preSolution
		{B99B4B86-C5DA-4AC6-BD6E-1EA4834A2FA6} = {E09A6511-1B2E-46B7-ABD6-E99F4ED73661}
		{9DC46BC6-09E2-40CB-A46C-2265F491E8A3} = {E09A6511-1B2E-46B7-ABD6-E99F4ED73661}
		{401D0FC2-6F0C-4292-B17C-8E2B04815E72} = {E09A6511-1B2E-46B7-ABD6-E99F4ED73661}
	EndGlobalSection
	GlobalSection(ExtensibilityGlobals) = postSolution
		SolutionGuid = {E1B25586-5B2B-42C3-9F5E-705A00DE8CC4}
	EndGlobalSection
EndGlobal
