
Microsoft Visual Studio Solution File, Format Version 12.00
# Visual Studio Version 17
VisualStudioVersion = 17.14.36109.1
MinimumVisualStudioVersion = 10.0.40219.1
Project("{FAE04EC0-301F-11D3-BF4B-00C04F79EFBC}") = "Api", "TODO\Api.csproj", "{A07294F3-280F-4159-9E85-5A256ADC3F1C}"
EndProject
Project("{FAE04EC0-301F-11D3-BF4B-00C04F79EFBC}") = "Client", "Client\Client.csproj", "{76524F94-1200-4D19-BFDD-4A4E7EBDA1D8}"
EndProject
Project("{FAE04EC0-301F-11D3-BF4B-00C04F79EFBC}") = "Common", "Common\Common.csproj", "{348716AD-AAFC-40A6-BA77-36DDBFE5E768}"
EndProject
Project("{FAE04EC0-301F-11D3-BF4B-00C04F79EFBC}") = "Data", "Data\Data.csproj", "{807AF148-7CC0-4709-ABB3-4B772762DAE1}"
EndProject
Global
	GlobalSection(SolutionConfigurationPlatforms) = preSolution
		Debug|Any CPU = Debug|Any CPU
		Release|Any CPU = Release|Any CPU
	EndGlobalSection
	GlobalSection(ProjectConfigurationPlatforms) = postSolution
		{A07294F3-280F-4159-9E85-5A256ADC3F1C}.Debug|Any CPU.ActiveCfg = Debug|Any CPU
		{A07294F3-280F-4159-9E85-5A256ADC3F1C}.Debug|Any CPU.Build.0 = Debug|Any CPU
		{A07294F3-280F-4159-9E85-5A256ADC3F1C}.Release|Any CPU.ActiveCfg = Release|Any CPU
		{A07294F3-280F-4159-9E85-5A256ADC3F1C}.Release|Any CPU.Build.0 = Release|Any CPU
		{76524F94-1200-4D19-BFDD-4A4E7EBDA1D8}.Debug|Any CPU.ActiveCfg = Debug|Any CPU
		{76524F94-1200-4D19-BFDD-4A4E7EBDA1D8}.Debug|Any CPU.Build.0 = Debug|Any CPU
		{76524F94-1200-4D19-BFDD-4A4E7EBDA1D8}.Debug|Any CPU.Deploy.0 = Debug|Any CPU
		{76524F94-1200-4D19-BFDD-4A4E7EBDA1D8}.Release|Any CPU.ActiveCfg = Release|Any CPU
		{76524F94-1200-4D19-BFDD-4A4E7EBDA1D8}.Release|Any CPU.Build.0 = Release|Any CPU
		{348716AD-AAFC-40A6-BA77-36DDBFE5E768}.Debug|Any CPU.ActiveCfg = Debug|Any CPU
		{348716AD-AAFC-40A6-BA77-36DDBFE5E768}.Debug|Any CPU.Build.0 = Debug|Any CPU
		{348716AD-AAFC-40A6-BA77-36DDBFE5E768}.Release|Any CPU.ActiveCfg = Release|Any CPU
		{348716AD-AAFC-40A6-BA77-36DDBFE5E768}.Release|Any CPU.Build.0 = Release|Any CPU
		{807AF148-7CC0-4709-ABB3-4B772762DAE1}.Debug|Any CPU.ActiveCfg = Debug|Any CPU
		{807AF148-7CC0-4709-ABB3-4B772762DAE1}.Debug|Any CPU.Build.0 = Debug|Any CPU
		{807AF148-7CC0-4709-ABB3-4B772762DAE1}.Release|Any CPU.ActiveCfg = Release|Any CPU
		{807AF148-7CC0-4709-ABB3-4B772762DAE1}.Release|Any CPU.Build.0 = Release|Any CPU
	EndGlobalSection
	GlobalSection(SolutionProperties) = preSolution
		HideSolutionNode = FALSE
	EndGlobalSection
	GlobalSection(ExtensibilityGlobals) = postSolution
		SolutionGuid = {E1B25586-5B2B-42C3-9F5E-705A00DE8CC4}
	EndGlobalSection
EndGlobal
